dependencies:
- name: redis
  repository: https://charts.bitnami.com/bitnami
  version: 17.4.3
- name: echo-server
  repository: https://ealenn.github.io/charts
  version: 0.5.0
digest: sha256:a8913e797ed214855eae34ac27f664092e0e800ec152ab2622dbda684e787352
generated: "2023-01-18T17:10:14.156498+01:00"
