dependencies:
- name: redis
  repository: https://charts.bitnami.com/bitnami
  version: 10.6.12
- name: echo-server
  repository: https://ealenn.github.io/charts
  version: 0.3.0
digest: sha256:54aa82dd445b08e0b2368df48822688d9dc6ea8c22658a46854128b665cf7f96
generated: "2020-05-13T14:56:39.119138462+02:00"
