dependencies:
- name: redis
  repository: https://charts.bitnami.com/bitnami
  version: 16.8.6
- name: echo-server
  repository: https://ealenn.github.io/charts
  version: 0.3.0
digest: sha256:b10fd05788bc311ffd28d2f442a13f9bc1c4d9e309168604e23aa44e12e1ca65
generated: "2022-06-16T09:37:46.399407699+02:00"
